
Microsoft Visual Studio Solution File, Format Version 12.00
# Visual Studio Version 17
VisualStudioVersion = 17.9.34902.65
MinimumVisualStudioVersion = 10.0.40219.1
Project("{FAE04EC0-301F-11D3-BF4B-00C04F79EFBC}") = "GPX Image Exporter", "GPX Image Exporter\GPX Image Exporter.csproj", "{91742A7A-3352-4D2F-AE17-8EA273924F2C}"
EndProject
Global
	GlobalSection(SolutionConfigurationPlatforms) = preSolution
		Debug|Any CPU = Debug|Any CPU
		Release|Any CPU = Release|Any CPU
	EndGlobalSection
	GlobalSection(ProjectConfigurationPlatforms) = postSolution
		{91742A7A-3352-4D2F-AE17-8EA273924F2C}.Debug|Any CPU.ActiveCfg = Debug|Any CPU
		{91742A7A-3352-4D2F-AE17-8EA273924F2C}.Debug|Any CPU.Build.0 = Debug|Any CPU
		{91742A7A-3352-4D2F-AE17-8EA273924F2C}.Release|Any CPU.ActiveCfg = Release|Any CPU
		{91742A7A-3352-4D2F-AE17-8EA273924F2C}.Release|Any CPU.Build.0 = Release|Any CPU
	EndGlobalSection
	GlobalSection(SolutionProperties) = preSolution
		HideSolutionNode = FALSE
	EndGlobalSection
	GlobalSection(ExtensibilityGlobals) = postSolution
		SolutionGuid = {CF6D078D-B0CB-4837-9724-F084BEF995DC}
	EndGlobalSection
EndGlobal
